// !$*UTF8*$!
{
	archiveVersion = 1;
	classes = {
	};
	objectVersion = 46;
	objects = {

/* Begin PBXBuildFile section */
		087E3803A37BB0B970C84795 /* libPods-DYTestProjectUITests.a in Frameworks */ = {isa = PBXBuildFile; fileRef = 4DDCE665C9041DA55073F89C /* libPods-DYTestProjectUITests.a */; };
		193041DA1ECEE1BB00EE9476 /* main.m in Sources */ = {isa = PBXBuildFile; fileRef = 193041D91ECEE1BB00EE9476 /* main.m */; };
		193041DD1ECEE1BB00EE9476 /* AppDelegate.m in Sources */ = {isa = PBXBuildFile; fileRef = 193041DC1ECEE1BB00EE9476 /* AppDelegate.m */; };
		193041E01ECEE1BB00EE9476 /* ViewController.m in Sources */ = {isa = PBXBuildFile; fileRef = 193041DF1ECEE1BB00EE9476 /* ViewController.m */; };
		193041E31ECEE1BB00EE9476 /* Main.storyboard in Resources */ = {isa = PBXBuildFile; fileRef = 193041E11ECEE1BB00EE9476 /* Main.storyboard */; };
		193041E61ECEE1BB00EE9476 /* DYTestProject.xcdatamodeld in Sources */ = {isa = PBXBuildFile; fileRef = 193041E41ECEE1BB00EE9476 /* DYTestProject.xcdatamodeld */; };
		193041E81ECEE1BB00EE9476 /* Assets.xcassets in Resources */ = {isa = PBXBuildFile; fileRef = 193041E71ECEE1BB00EE9476 /* Assets.xcassets */; };
		193041EB1ECEE1BB00EE9476 /* LaunchScreen.storyboard in Resources */ = {isa = PBXBuildFile; fileRef = 193041E91ECEE1BB00EE9476 /* LaunchScreen.storyboard */; };
		193041F61ECEE1BB00EE9476 /* DYTestProjectTests.m in Sources */ = {isa = PBXBuildFile; fileRef = 193041F51ECEE1BB00EE9476 /* DYTestProjectTests.m */; };
		193042011ECEE1BB00EE9476 /* DYTestProjectUITests.m in Sources */ = {isa = PBXBuildFile; fileRef = 193042001ECEE1BB00EE9476 /* DYTestProjectUITests.m */; };
		193042101ECEE1E000EE9476 /* ViewController.m in Sources */ = {isa = PBXBuildFile; fileRef = 193041DF1ECEE1BB00EE9476 /* ViewController.m */; };
		193042111ECEE1E000EE9476 /* AppDelegate.m in Sources */ = {isa = PBXBuildFile; fileRef = 193041DC1ECEE1BB00EE9476 /* AppDelegate.m */; };
		193042121ECEE1E000EE9476 /* DYTestProject.xcdatamodeld in Sources */ = {isa = PBXBuildFile; fileRef = 193041E41ECEE1BB00EE9476 /* DYTestProject.xcdatamodeld */; };
		193042131ECEE1E000EE9476 /* main.m in Sources */ = {isa = PBXBuildFile; fileRef = 193041D91ECEE1BB00EE9476 /* main.m */; };
		193042161ECEE1E000EE9476 /* LaunchScreen.storyboard in Resources */ = {isa = PBXBuildFile; fileRef = 193041E91ECEE1BB00EE9476 /* LaunchScreen.storyboard */; };
		193042171ECEE1E000EE9476 /* Assets.xcassets in Resources */ = {isa = PBXBuildFile; fileRef = 193041E71ECEE1BB00EE9476 /* Assets.xcassets */; };
		193042181ECEE1E000EE9476 /* Main.storyboard in Resources */ = {isa = PBXBuildFile; fileRef = 193041E11ECEE1BB00EE9476 /* Main.storyboard */; };
		193042201ECEE28700EE9476 /* ViewController.m in Sources */ = {isa = PBXBuildFile; fileRef = 193041DF1ECEE1BB00EE9476 /* ViewController.m */; };
		193042211ECEE28700EE9476 /* AppDelegate.m in Sources */ = {isa = PBXBuildFile; fileRef = 193041DC1ECEE1BB00EE9476 /* AppDelegate.m */; };
		193042221ECEE28700EE9476 /* DYTestProject.xcdatamodeld in Sources */ = {isa = PBXBuildFile; fileRef = 193041E41ECEE1BB00EE9476 /* DYTestProject.xcdatamodeld */; };
		193042231ECEE28700EE9476 /* main.m in Sources */ = {isa = PBXBuildFile; fileRef = 193041D91ECEE1BB00EE9476 /* main.m */; };
		193042261ECEE28700EE9476 /* LaunchScreen.storyboard in Resources */ = {isa = PBXBuildFile; fileRef = 193041E91ECEE1BB00EE9476 /* LaunchScreen.storyboard */; };
		193042271ECEE28700EE9476 /* Assets.xcassets in Resources */ = {isa = PBXBuildFile; fileRef = 193041E71ECEE1BB00EE9476 /* Assets.xcassets */; };
		193042281ECEE28700EE9476 /* Main.storyboard in Resources */ = {isa = PBXBuildFile; fileRef = 193041E11ECEE1BB00EE9476 /* Main.storyboard */; };
		193042301ECEEFB500EE9476 /* DYTestProject_DEV.plist in Resources */ = {isa = PBXBuildFile; fileRef = 1930422E1ECEEFB500EE9476 /* DYTestProject_DEV.plist */; };
		193042311ECEEFB500EE9476 /* DYTestProject_UAT.plist in Resources */ = {isa = PBXBuildFile; fileRef = 1930422F1ECEEFB500EE9476 /* DYTestProject_UAT.plist */; };
		19C3A1AC1ECEFCE1004464D4 /* SRRequestLog.m in Sources */ = {isa = PBXBuildFile; fileRef = 19C3A1A31ECEFCE1004464D4 /* SRRequestLog.m */; };
		19C3A1AD1ECEFCE1004464D4 /* SRRequestLog.m in Sources */ = {isa = PBXBuildFile; fileRef = 19C3A1A31ECEFCE1004464D4 /* SRRequestLog.m */; };
		19C3A1AE1ECEFCE1004464D4 /* SRRequestLog.m in Sources */ = {isa = PBXBuildFile; fileRef = 19C3A1A31ECEFCE1004464D4 /* SRRequestLog.m */; };
		19C3A1AF1ECEFCE1004464D4 /* SRRequestLog.m in Sources */ = {isa = PBXBuildFile; fileRef = 19C3A1A31ECEFCE1004464D4 /* SRRequestLog.m */; };
		19C3A1B01ECEFCE1004464D4 /* SRRequestLog.m in Sources */ = {isa = PBXBuildFile; fileRef = 19C3A1A31ECEFCE1004464D4 /* SRRequestLog.m */; };
		19C3A1B11ECEFCE1004464D4 /* SRRequestLogFM.m in Sources */ = {isa = PBXBuildFile; fileRef = 19C3A1A51ECEFCE1004464D4 /* SRRequestLogFM.m */; };
		19C3A1B21ECEFCE1004464D4 /* SRRequestLogFM.m in Sources */ = {isa = PBXBuildFile; fileRef = 19C3A1A51ECEFCE1004464D4 /* SRRequestLogFM.m */; };
		19C3A1B31ECEFCE1004464D4 /* SRRequestLogFM.m in Sources */ = {isa = PBXBuildFile; fileRef = 19C3A1A51ECEFCE1004464D4 /* SRRequestLogFM.m */; };
		19C3A1B41ECEFCE1004464D4 /* SRRequestLogFM.m in Sources */ = {isa = PBXBuildFile; fileRef = 19C3A1A51ECEFCE1004464D4 /* SRRequestLogFM.m */; };
		19C3A1B51ECEFCE1004464D4 /* SRRequestLogFM.m in Sources */ = {isa = PBXBuildFile; fileRef = 19C3A1A51ECEFCE1004464D4 /* SRRequestLogFM.m */; };
		19C3A1B61ECEFCE1004464D4 /* UIApplication+ZDYHook.m in Sources */ = {isa = PBXBuildFile; fileRef = 19C3A1A71ECEFCE1004464D4 /* UIApplication+ZDYHook.m */; };
		19C3A1B71ECEFCE1004464D4 /* UIApplication+ZDYHook.m in Sources */ = {isa = PBXBuildFile; fileRef = 19C3A1A71ECEFCE1004464D4 /* UIApplication+ZDYHook.m */; };
		19C3A1B81ECEFCE1004464D4 /* UIApplication+ZDYHook.m in Sources */ = {isa = PBXBuildFile; fileRef = 19C3A1A71ECEFCE1004464D4 /* UIApplication+ZDYHook.m */; };
		19C3A1B91ECEFCE1004464D4 /* UIApplication+ZDYHook.m in Sources */ = {isa = PBXBuildFile; fileRef = 19C3A1A71ECEFCE1004464D4 /* UIApplication+ZDYHook.m */; };
		19C3A1BA1ECEFCE1004464D4 /* UIApplication+ZDYHook.m in Sources */ = {isa = PBXBuildFile; fileRef = 19C3A1A71ECEFCE1004464D4 /* UIApplication+ZDYHook.m */; };
		19C3A1BB1ECEFCE1004464D4 /* UINavigationController+ZDYHook.m in Sources */ = {isa = PBXBuildFile; fileRef = 19C3A1A91ECEFCE1004464D4 /* UINavigationController+ZDYHook.m */; };
		19C3A1BC1ECEFCE1004464D4 /* UINavigationController+ZDYHook.m in Sources */ = {isa = PBXBuildFile; fileRef = 19C3A1A91ECEFCE1004464D4 /* UINavigationController+ZDYHook.m */; };
		19C3A1BD1ECEFCE1004464D4 /* UINavigationController+ZDYHook.m in Sources */ = {isa = PBXBuildFile; fileRef = 19C3A1A91ECEFCE1004464D4 /* UINavigationController+ZDYHook.m */; };
		19C3A1BE1ECEFCE1004464D4 /* UINavigationController+ZDYHook.m in Sources */ = {isa = PBXBuildFile; fileRef = 19C3A1A91ECEFCE1004464D4 /* UINavigationController+ZDYHook.m */; };
		19C3A1BF1ECEFCE1004464D4 /* UINavigationController+ZDYHook.m in Sources */ = {isa = PBXBuildFile; fileRef = 19C3A1A91ECEFCE1004464D4 /* UINavigationController+ZDYHook.m */; };
		19C3A1C01ECEFCE1004464D4 /* UIViewController+ZDYHook.m in Sources */ = {isa = PBXBuildFile; fileRef = 19C3A1AB1ECEFCE1004464D4 /* UIViewController+ZDYHook.m */; };
		19C3A1C11ECEFCE1004464D4 /* UIViewController+ZDYHook.m in Sources */ = {isa = PBXBuildFile; fileRef = 19C3A1AB1ECEFCE1004464D4 /* UIViewController+ZDYHook.m */; };
		19C3A1C21ECEFCE1004464D4 /* UIViewController+ZDYHook.m in Sources */ = {isa = PBXBuildFile; fileRef = 19C3A1AB1ECEFCE1004464D4 /* UIViewController+ZDYHook.m */; };
		19C3A1C31ECEFCE1004464D4 /* UIViewController+ZDYHook.m in Sources */ = {isa = PBXBuildFile; fileRef = 19C3A1AB1ECEFCE1004464D4 /* UIViewController+ZDYHook.m */; };
		19C3A1C41ECEFCE1004464D4 /* UIViewController+ZDYHook.m in Sources */ = {isa = PBXBuildFile; fileRef = 19C3A1AB1ECEFCE1004464D4 /* UIViewController+ZDYHook.m */; };
		206F944A1BD1C791CEBF51DD /* libPods-DYTestProject.a in Frameworks */ = {isa = PBXBuildFile; fileRef = EBB6CA102438FAE5ACDB2D1B /* libPods-DYTestProject.a */; };
		535126B38763B846F339A7F1 /* libPods-DYTestProject_DEV.a in Frameworks */ = {isa = PBXBuildFile; fileRef = E49F51787EAA101A47A7FA83 /* libPods-DYTestProject_DEV.a */; };
		664D32B1CE1C5E1520DD402F /* libPods-DYTestProjectTests.a in Frameworks */ = {isa = PBXBuildFile; fileRef = 2F38D0E716302EA1D75D6EE4 /* libPods-DYTestProjectTests.a */; };
		7E96034FB5716581A25B8E29 /* libPods-DYTestProject_UAT.a in Frameworks */ = {isa = PBXBuildFile; fileRef = B72BC8E0BEB4803566269876 /* libPods-DYTestProject_UAT.a */; };
/* End PBXBuildFile section */

/* Begin PBXContainerItemProxy section */
		193041F21ECEE1BB00EE9476 /* PBXContainerItemProxy */ = {
			isa = PBXContainerItemProxy;
			containerPortal = 193041CD1ECEE1BB00EE9476 /* Project object */;
			proxyType = 1;
			remoteGlobalIDString = 193041D41ECEE1BB00EE9476;
			remoteInfo = DYTestProject;
		};
		193041FD1ECEE1BB00EE9476 /* PBXContainerItemProxy */ = {
			isa = PBXContainerItemProxy;
			containerPortal = 193041CD1ECEE1BB00EE9476 /* Project object */;
			proxyType = 1;
			remoteGlobalIDString = 193041D41ECEE1BB00EE9476;
			remoteInfo = DYTestProject;
		};
/* End PBXContainerItemProxy section */

/* Begin PBXFileReference section */
		04036FDFDFA59470C5E64E43 /* Pods-DYTestProject_UAT.release.xcconfig */ = {isa = PBXFileReference; includeInIndex = 1; lastKnownFileType = text.xcconfig; name = "Pods-DYTestProject_UAT.release.xcconfig"; path = "Pods/Target Support Files/Pods-DYTestProject_UAT/Pods-DYTestProject_UAT.release.xcconfig"; sourceTree = "<group>"; };
		193041D51ECEE1BB00EE9476 /* DYTestProject.app */ = {isa = PBXFileReference; explicitFileType = wrapper.application; includeInIndex = 0; path = DYTestProject.app; sourceTree = BUILT_PRODUCTS_DIR; };
		193041D91ECEE1BB00EE9476 /* main.m */ = {isa = PBXFileReference; lastKnownFileType = sourcecode.c.objc; path = main.m; sourceTree = "<group>"; };
		193041DB1ECEE1BB00EE9476 /* AppDelegate.h */ = {isa = PBXFileReference; lastKnownFileType = sourcecode.c.h; path = AppDelegate.h; sourceTree = "<group>"; };
		193041DC1ECEE1BB00EE9476 /* AppDelegate.m */ = {isa = PBXFileReference; lastKnownFileType = sourcecode.c.objc; path = AppDelegate.m; sourceTree = "<group>"; };
		193041DE1ECEE1BB00EE9476 /* ViewController.h */ = {isa = PBXFileReference; lastKnownFileType = sourcecode.c.h; path = ViewController.h; sourceTree = "<group>"; };
		193041DF1ECEE1BB00EE9476 /* ViewController.m */ = {isa = PBXFileReference; lastKnownFileType = sourcecode.c.objc; path = ViewController.m; sourceTree = "<group>"; };
		193041E21ECEE1BB00EE9476 /* Base */ = {isa = PBXFileReference; lastKnownFileType = file.storyboard; name = Base; path = Base.lproj/Main.storyboard; sourceTree = "<group>"; };
		193041E51ECEE1BB00EE9476 /* DYTestProject.xcdatamodel */ = {isa = PBXFileReference; lastKnownFileType = wrapper.xcdatamodel; path = DYTestProject.xcdatamodel; sourceTree = "<group>"; };
		193041E71ECEE1BB00EE9476 /* Assets.xcassets */ = {isa = PBXFileReference; lastKnownFileType = folder.assetcatalog; path = Assets.xcassets; sourceTree = "<group>"; };
		193041EA1ECEE1BB00EE9476 /* Base */ = {isa = PBXFileReference; lastKnownFileType = file.storyboard; name = Base; path = Base.lproj/LaunchScreen.storyboard; sourceTree = "<group>"; };
		193041EC1ECEE1BB00EE9476 /* Info.plist */ = {isa = PBXFileReference; lastKnownFileType = text.plist.xml; path = Info.plist; sourceTree = "<group>"; };
		193041F11ECEE1BB00EE9476 /* DYTestProjectTests.xctest */ = {isa = PBXFileReference; explicitFileType = wrapper.cfbundle; includeInIndex = 0; path = DYTestProjectTests.xctest; sourceTree = BUILT_PRODUCTS_DIR; };
		193041F51ECEE1BB00EE9476 /* DYTestProjectTests.m */ = {isa = PBXFileReference; lastKnownFileType = sourcecode.c.objc; path = DYTestProjectTests.m; sourceTree = "<group>"; };
		193041F71ECEE1BB00EE9476 /* Info.plist */ = {isa = PBXFileReference; lastKnownFileType = text.plist.xml; path = Info.plist; sourceTree = "<group>"; };
		193041FC1ECEE1BB00EE9476 /* DYTestProjectUITests.xctest */ = {isa = PBXFileReference; explicitFileType = wrapper.cfbundle; includeInIndex = 0; path = DYTestProjectUITests.xctest; sourceTree = BUILT_PRODUCTS_DIR; };
		193042001ECEE1BB00EE9476 /* DYTestProjectUITests.m */ = {isa = PBXFileReference; lastKnownFileType = sourcecode.c.objc; path = DYTestProjectUITests.m; sourceTree = "<group>"; };
		193042021ECEE1BB00EE9476 /* Info.plist */ = {isa = PBXFileReference; lastKnownFileType = text.plist.xml; path = Info.plist; sourceTree = "<group>"; };
		1930421C1ECEE1E000EE9476 /* DYTestProject_DEV.app */ = {isa = PBXFileReference; explicitFileType = wrapper.application; includeInIndex = 0; path = DYTestProject_DEV.app; sourceTree = BUILT_PRODUCTS_DIR; };
		1930422C1ECEE28700EE9476 /* DYTestProject_UAT.app */ = {isa = PBXFileReference; explicitFileType = wrapper.application; includeInIndex = 0; path = DYTestProject_UAT.app; sourceTree = BUILT_PRODUCTS_DIR; };
		1930422E1ECEEFB500EE9476 /* DYTestProject_DEV.plist */ = {isa = PBXFileReference; fileEncoding = 4; lastKnownFileType = text.plist.xml; path = DYTestProject_DEV.plist; sourceTree = "<group>"; };
		1930422F1ECEEFB500EE9476 /* DYTestProject_UAT.plist */ = {isa = PBXFileReference; fileEncoding = 4; lastKnownFileType = text.plist.xml; path = DYTestProject_UAT.plist; sourceTree = "<group>"; };
		19C3A1A21ECEFCE1004464D4 /* SRRequestLog.h */ = {isa = PBXFileReference; fileEncoding = 4; lastKnownFileType = sourcecode.c.h; path = SRRequestLog.h; sourceTree = "<group>"; };
		19C3A1A31ECEFCE1004464D4 /* SRRequestLog.m */ = {isa = PBXFileReference; fileEncoding = 4; lastKnownFileType = sourcecode.c.objc; path = SRRequestLog.m; sourceTree = "<group>"; };
		19C3A1A41ECEFCE1004464D4 /* SRRequestLogFM.h */ = {isa = PBXFileReference; fileEncoding = 4; lastKnownFileType = sourcecode.c.h; path = SRRequestLogFM.h; sourceTree = "<group>"; };
		19C3A1A51ECEFCE1004464D4 /* SRRequestLogFM.m */ = {isa = PBXFileReference; fileEncoding = 4; lastKnownFileType = sourcecode.c.objc; path = SRRequestLogFM.m; sourceTree = "<group>"; };
		19C3A1A61ECEFCE1004464D4 /* UIApplication+ZDYHook.h */ = {isa = PBXFileReference; fileEncoding = 4; lastKnownFileType = sourcecode.c.h; path = "UIApplication+ZDYHook.h"; sourceTree = "<group>"; };
		19C3A1A71ECEFCE1004464D4 /* UIApplication+ZDYHook.m */ = {isa = PBXFileReference; fileEncoding = 4; lastKnownFileType = sourcecode.c.objc; path = "UIApplication+ZDYHook.m"; sourceTree = "<group>"; };
		19C3A1A81ECEFCE1004464D4 /* UINavigationController+ZDYHook.h */ = {isa = PBXFileReference; fileEncoding = 4; lastKnownFileType = sourcecode.c.h; path = "UINavigationController+ZDYHook.h"; sourceTree = "<group>"; };
		19C3A1A91ECEFCE1004464D4 /* UINavigationController+ZDYHook.m */ = {isa = PBXFileReference; fileEncoding = 4; lastKnownFileType = sourcecode.c.objc; path = "UINavigationController+ZDYHook.m"; sourceTree = "<group>"; };
		19C3A1AA1ECEFCE1004464D4 /* UIViewController+ZDYHook.h */ = {isa = PBXFileReference; fileEncoding = 4; lastKnownFileType = sourcecode.c.h; path = "UIViewController+ZDYHook.h"; sourceTree = "<group>"; };
		19C3A1AB1ECEFCE1004464D4 /* UIViewController+ZDYHook.m */ = {isa = PBXFileReference; fileEncoding = 4; lastKnownFileType = sourcecode.c.objc; path = "UIViewController+ZDYHook.m"; sourceTree = "<group>"; };
		19CB6F291ED9698A0021C5F3 /* PrefixHeader.pch */ = {isa = PBXFileReference; fileEncoding = 4; lastKnownFileType = sourcecode.c.h; path = PrefixHeader.pch; sourceTree = "<group>"; };
		2F38D0E716302EA1D75D6EE4 /* libPods-DYTestProjectTests.a */ = {isa = PBXFileReference; explicitFileType = archive.ar; includeInIndex = 0; path = "libPods-DYTestProjectTests.a"; sourceTree = BUILT_PRODUCTS_DIR; };
		35897736E8F9691FA13E9F99 /* Pods-DYTestProjectUITests.release.xcconfig */ = {isa = PBXFileReference; includeInIndex = 1; lastKnownFileType = text.xcconfig; name = "Pods-DYTestProjectUITests.release.xcconfig"; path = "Pods/Target Support Files/Pods-DYTestProjectUITests/Pods-DYTestProjectUITests.release.xcconfig"; sourceTree = "<group>"; };
		4DDCE665C9041DA55073F89C /* libPods-DYTestProjectUITests.a */ = {isa = PBXFileReference; explicitFileType = archive.ar; includeInIndex = 0; path = "libPods-DYTestProjectUITests.a"; sourceTree = BUILT_PRODUCTS_DIR; };
		4F43DFE79579E49516CE71C5 /* Pods-DYTestProjectTests.debug.xcconfig */ = {isa = PBXFileReference; includeInIndex = 1; lastKnownFileType = text.xcconfig; name = "Pods-DYTestProjectTests.debug.xcconfig"; path = "Pods/Target Support Files/Pods-DYTestProjectTests/Pods-DYTestProjectTests.debug.xcconfig"; sourceTree = "<group>"; };
		5088CC90ABEB37D4F2DB719D /* Pods-DYTestProjectTests.release.xcconfig */ = {isa = PBXFileReference; includeInIndex = 1; lastKnownFileType = text.xcconfig; name = "Pods-DYTestProjectTests.release.xcconfig"; path = "Pods/Target Support Files/Pods-DYTestProjectTests/Pods-DYTestProjectTests.release.xcconfig"; sourceTree = "<group>"; };
		7BDEACEB5877773CF4C6E77C /* Pods-DYTestProject.release.xcconfig */ = {isa = PBXFileReference; includeInIndex = 1; lastKnownFileType = text.xcconfig; name = "Pods-DYTestProject.release.xcconfig"; path = "Pods/Target Support Files/Pods-DYTestProject/Pods-DYTestProject.release.xcconfig"; sourceTree = "<group>"; };
		813D0837996EF775B0ADF1DF /* Pods-DYTestProject.debug.xcconfig */ = {isa = PBXFileReference; includeInIndex = 1; lastKnownFileType = text.xcconfig; name = "Pods-DYTestProject.debug.xcconfig"; path = "Pods/Target Support Files/Pods-DYTestProject/Pods-DYTestProject.debug.xcconfig"; sourceTree = "<group>"; };
		8FFDADB2A161E04E7C58AC6C /* Pods-DYTestProjectUITests.debug.xcconfig */ = {isa = PBXFileReference; includeInIndex = 1; lastKnownFileType = text.xcconfig; name = "Pods-DYTestProjectUITests.debug.xcconfig"; path = "Pods/Target Support Files/Pods-DYTestProjectUITests/Pods-DYTestProjectUITests.debug.xcconfig"; sourceTree = "<group>"; };
		B72BC8E0BEB4803566269876 /* libPods-DYTestProject_UAT.a */ = {isa = PBXFileReference; explicitFileType = archive.ar; includeInIndex = 0; path = "libPods-DYTestProject_UAT.a"; sourceTree = BUILT_PRODUCTS_DIR; };
		CAFE586A55AEE9CD393F56CF /* Pods-DYTestProject_DEV.debug.xcconfig */ = {isa = PBXFileReference; includeInIndex = 1; lastKnownFileType = text.xcconfig; name = "Pods-DYTestProject_DEV.debug.xcconfig"; path = "Pods/Target Support Files/Pods-DYTestProject_DEV/Pods-DYTestProject_DEV.debug.xcconfig"; sourceTree = "<group>"; };
		D148FE098FF4B7A5BB76F1E3 /* Pods-DYTestProject_DEV.release.xcconfig */ = {isa = PBXFileReference; includeInIndex = 1; lastKnownFileType = text.xcconfig; name = "Pods-DYTestProject_DEV.release.xcconfig"; path = "Pods/Target Support Files/Pods-DYTestProject_DEV/Pods-DYTestProject_DEV.release.xcconfig"; sourceTree = "<group>"; };
		DC5BF4D412561058D201439B /* Pods-DYTestProject_UAT.debug.xcconfig */ = {isa = PBXFileReference; includeInIndex = 1; lastKnownFileType = text.xcconfig; name = "Pods-DYTestProject_UAT.debug.xcconfig"; path = "Pods/Target Support Files/Pods-DYTestProject_UAT/Pods-DYTestProject_UAT.debug.xcconfig"; sourceTree = "<group>"; };
		E49F51787EAA101A47A7FA83 /* libPods-DYTestProject_DEV.a */ = {isa = PBXFileReference; explicitFileType = archive.ar; includeInIndex = 0; path = "libPods-DYTestProject_DEV.a"; sourceTree = BUILT_PRODUCTS_DIR; };
		EBB6CA102438FAE5ACDB2D1B /* libPods-DYTestProject.a */ = {isa = PBXFileReference; explicitFileType = archive.ar; includeInIndex = 0; path = "libPods-DYTestProject.a"; sourceTree = BUILT_PRODUCTS_DIR; };
/* End PBXFileReference section */

/* Begin PBXFrameworksBuildPhase section */
		193041D21ECEE1BB00EE9476 /* Frameworks */ = {
			isa = PBXFrameworksBuildPhase;
			buildActionMask = 2147483647;
			files = (
				206F944A1BD1C791CEBF51DD /* libPods-DYTestProject.a in Frameworks */,
			);
			runOnlyForDeploymentPostprocessing = 0;
		};
		193041EE1ECEE1BB00EE9476 /* Frameworks */ = {
			isa = PBXFrameworksBuildPhase;
			buildActionMask = 2147483647;
			files = (
				664D32B1CE1C5E1520DD402F /* libPods-DYTestProjectTests.a in Frameworks */,
			);
			runOnlyForDeploymentPostprocessing = 0;
		};
		193041F91ECEE1BB00EE9476 /* Frameworks */ = {
			isa = PBXFrameworksBuildPhase;
			buildActionMask = 2147483647;
			files = (
				087E3803A37BB0B970C84795 /* libPods-DYTestProjectUITests.a in Frameworks */,
			);
			runOnlyForDeploymentPostprocessing = 0;
		};
		193042141ECEE1E000EE9476 /* Frameworks */ = {
			isa = PBXFrameworksBuildPhase;
			buildActionMask = 2147483647;
			files = (
				535126B38763B846F339A7F1 /* libPods-DYTestProject_DEV.a in Frameworks */,
			);
			runOnlyForDeploymentPostprocessing = 0;
		};
		193042241ECEE28700EE9476 /* Frameworks */ = {
			isa = PBXFrameworksBuildPhase;
			buildActionMask = 2147483647;
			files = (
				7E96034FB5716581A25B8E29 /* libPods-DYTestProject_UAT.a in Frameworks */,
			);
			runOnlyForDeploymentPostprocessing = 0;
		};
/* End PBXFrameworksBuildPhase section */

/* Begin PBXGroup section */
		193041CC1ECEE1BB00EE9476 = {
			isa = PBXGroup;
			children = (
				193041D71ECEE1BB00EE9476 /* DYTestProject */,
				193041F41ECEE1BB00EE9476 /* DYTestProjectTests */,
				193041FF1ECEE1BB00EE9476 /* DYTestProjectUITests */,
				193041D61ECEE1BB00EE9476 /* Products */,
				55421192F08F6CB0C6B3195D /* Pods */,
				23CC3421337C8776C04C4811 /* Frameworks */,
			);
			sourceTree = "<group>";
		};
		193041D61ECEE1BB00EE9476 /* Products */ = {
			isa = PBXGroup;
			children = (
				193041D51ECEE1BB00EE9476 /* DYTestProject.app */,
				193041F11ECEE1BB00EE9476 /* DYTestProjectTests.xctest */,
				193041FC1ECEE1BB00EE9476 /* DYTestProjectUITests.xctest */,
				1930421C1ECEE1E000EE9476 /* DYTestProject_DEV.app */,
				1930422C1ECEE28700EE9476 /* DYTestProject_UAT.app */,
			);
			name = Products;
			sourceTree = "<group>";
		};
		193041D71ECEE1BB00EE9476 /* DYTestProject */ = {
			isa = PBXGroup;
			children = (
				19CB6F281ED95C250021C5F3 /* OCRTest */,
				19C3A1A11ECEFCE1004464D4 /* DYRequestLog */,
				193041DB1ECEE1BB00EE9476 /* AppDelegate.h */,
				193041DC1ECEE1BB00EE9476 /* AppDelegate.m */,
				193041DE1ECEE1BB00EE9476 /* ViewController.h */,
				193041DF1ECEE1BB00EE9476 /* ViewController.m */,
				193041E11ECEE1BB00EE9476 /* Main.storyboard */,
				193041D81ECEE1BB00EE9476 /* Supporting Files */,
			);
			path = DYTestProject;
			sourceTree = "<group>";
		};
		193041D81ECEE1BB00EE9476 /* Supporting Files */ = {
			isa = PBXGroup;
			children = (
				193041D91ECEE1BB00EE9476 /* main.m */,
				193041E91ECEE1BB00EE9476 /* LaunchScreen.storyboard */,
				193041E71ECEE1BB00EE9476 /* Assets.xcassets */,
				193041EC1ECEE1BB00EE9476 /* Info.plist */,
				1930422E1ECEEFB500EE9476 /* DYTestProject_DEV.plist */,
				1930422F1ECEEFB500EE9476 /* DYTestProject_UAT.plist */,
				193041E41ECEE1BB00EE9476 /* DYTestProject.xcdatamodeld */,
				19CB6F291ED9698A0021C5F3 /* PrefixHeader.pch */,
			);
			name = "Supporting Files";
			sourceTree = "<group>";
		};
		193041F41ECEE1BB00EE9476 /* DYTestProjectTests */ = {
			isa = PBXGroup;
			children = (
				193041F51ECEE1BB00EE9476 /* DYTestProjectTests.m */,
				193041F71ECEE1BB00EE9476 /* Info.plist */,
			);
			path = DYTestProjectTests;
			sourceTree = "<group>";
		};
		193041FF1ECEE1BB00EE9476 /* DYTestProjectUITests */ = {
			isa = PBXGroup;
			children = (
				193042001ECEE1BB00EE9476 /* DYTestProjectUITests.m */,
				193042021ECEE1BB00EE9476 /* Info.plist */,
			);
			path = DYTestProjectUITests;
			sourceTree = "<group>";
		};
		19C3A1A11ECEFCE1004464D4 /* DYRequestLog */ = {
			isa = PBXGroup;
			children = (
				19C3A1A21ECEFCE1004464D4 /* SRRequestLog.h */,
				19C3A1A31ECEFCE1004464D4 /* SRRequestLog.m */,
				19C3A1A41ECEFCE1004464D4 /* SRRequestLogFM.h */,
				19C3A1A51ECEFCE1004464D4 /* SRRequestLogFM.m */,
				19C3A1A61ECEFCE1004464D4 /* UIApplication+ZDYHook.h */,
				19C3A1A71ECEFCE1004464D4 /* UIApplication+ZDYHook.m */,
				19C3A1A81ECEFCE1004464D4 /* UINavigationController+ZDYHook.h */,
				19C3A1A91ECEFCE1004464D4 /* UINavigationController+ZDYHook.m */,
				19C3A1AA1ECEFCE1004464D4 /* UIViewController+ZDYHook.h */,
				19C3A1AB1ECEFCE1004464D4 /* UIViewController+ZDYHook.m */,
			);
			path = DYRequestLog;
			sourceTree = "<group>";
		};
		19CB6F281ED95C250021C5F3 /* OCRTest */ = {
			isa = PBXGroup;
			children = (
			);
			name = OCRTest;
			sourceTree = "<group>";
		};
		23CC3421337C8776C04C4811 /* Frameworks */ = {
			isa = PBXGroup;
			children = (
				EBB6CA102438FAE5ACDB2D1B /* libPods-DYTestProject.a */,
				2F38D0E716302EA1D75D6EE4 /* libPods-DYTestProjectTests.a */,
				4DDCE665C9041DA55073F89C /* libPods-DYTestProjectUITests.a */,
				E49F51787EAA101A47A7FA83 /* libPods-DYTestProject_DEV.a */,
				B72BC8E0BEB4803566269876 /* libPods-DYTestProject_UAT.a */,
			);
			name = Frameworks;
			sourceTree = "<group>";
		};
		55421192F08F6CB0C6B3195D /* Pods */ = {
			isa = PBXGroup;
			children = (
				813D0837996EF775B0ADF1DF /* Pods-DYTestProject.debug.xcconfig */,
				7BDEACEB5877773CF4C6E77C /* Pods-DYTestProject.release.xcconfig */,
				4F43DFE79579E49516CE71C5 /* Pods-DYTestProjectTests.debug.xcconfig */,
				5088CC90ABEB37D4F2DB719D /* Pods-DYTestProjectTests.release.xcconfig */,
				8FFDADB2A161E04E7C58AC6C /* Pods-DYTestProjectUITests.debug.xcconfig */,
				35897736E8F9691FA13E9F99 /* Pods-DYTestProjectUITests.release.xcconfig */,
				CAFE586A55AEE9CD393F56CF /* Pods-DYTestProject_DEV.debug.xcconfig */,
				D148FE098FF4B7A5BB76F1E3 /* Pods-DYTestProject_DEV.release.xcconfig */,
				DC5BF4D412561058D201439B /* Pods-DYTestProject_UAT.debug.xcconfig */,
				04036FDFDFA59470C5E64E43 /* Pods-DYTestProject_UAT.release.xcconfig */,
			);
			name = Pods;
			sourceTree = "<group>";
		};
/* End PBXGroup section */

/* Begin PBXNativeTarget section */
		193041D41ECEE1BB00EE9476 /* DYTestProject */ = {
			isa = PBXNativeTarget;
			buildConfigurationList = 193042051ECEE1BB00EE9476 /* Build configuration list for PBXNativeTarget "DYTestProject" */;
			buildPhases = (
				31B3A3D7BB3FE6982F8B94AA /* [CP] Check Pods Manifest.lock */,
				193041D11ECEE1BB00EE9476 /* Sources */,
				193041D21ECEE1BB00EE9476 /* Frameworks */,
				193041D31ECEE1BB00EE9476 /* Resources */,
				9509193C89A52C2288072676 /* [CP] Embed Pods Frameworks */,
				EEEE6E54CE67CA96BBB9F87B /* [CP] Copy Pods Resources */,
			);
			buildRules = (
			);
			dependencies = (
			);
			name = DYTestProject;
			productName = DYTestProject;
			productReference = 193041D51ECEE1BB00EE9476 /* DYTestProject.app */;
			productType = "com.apple.product-type.application";
		};
		193041F01ECEE1BB00EE9476 /* DYTestProjectTests */ = {
			isa = PBXNativeTarget;
			buildConfigurationList = 193042081ECEE1BB00EE9476 /* Build configuration list for PBXNativeTarget "DYTestProjectTests" */;
			buildPhases = (
				FC2E30984DE0C37705344E01 /* [CP] Check Pods Manifest.lock */,
				193041ED1ECEE1BB00EE9476 /* Sources */,
				193041EE1ECEE1BB00EE9476 /* Frameworks */,
				193041EF1ECEE1BB00EE9476 /* Resources */,
				13F8454837EECD455ACA3327 /* [CP] Embed Pods Frameworks */,
				F4558475B0843F2C3F8F0B17 /* [CP] Copy Pods Resources */,
			);
			buildRules = (
			);
			dependencies = (
				193041F31ECEE1BB00EE9476 /* PBXTargetDependency */,
			);
			name = DYTestProjectTests;
			productName = DYTestProjectTests;
			productReference = 193041F11ECEE1BB00EE9476 /* DYTestProjectTests.xctest */;
			productType = "com.apple.product-type.bundle.unit-test";
		};
		193041FB1ECEE1BB00EE9476 /* DYTestProjectUITests */ = {
			isa = PBXNativeTarget;
			buildConfigurationList = 1930420B1ECEE1BB00EE9476 /* Build configuration list for PBXNativeTarget "DYTestProjectUITests" */;
			buildPhases = (
				4F42E63C5AEF4035291C4CC4 /* [CP] Check Pods Manifest.lock */,
				193041F81ECEE1BB00EE9476 /* Sources */,
				193041F91ECEE1BB00EE9476 /* Frameworks */,
				193041FA1ECEE1BB00EE9476 /* Resources */,
				28A44293EA8869D8E9350625 /* [CP] Embed Pods Frameworks */,
				CB299C85799F308F5C1F5953 /* [CP] Copy Pods Resources */,
			);
			buildRules = (
			);
			dependencies = (
				193041FE1ECEE1BB00EE9476 /* PBXTargetDependency */,
			);
			name = DYTestProjectUITests;
			productName = DYTestProjectUITests;
			productReference = 193041FC1ECEE1BB00EE9476 /* DYTestProjectUITests.xctest */;
			productType = "com.apple.product-type.bundle.ui-testing";
		};
		1930420E1ECEE1E000EE9476 /* DYTestProject_DEV */ = {
			isa = PBXNativeTarget;
			buildConfigurationList = 193042191ECEE1E000EE9476 /* Build configuration list for PBXNativeTarget "DYTestProject_DEV" */;
			buildPhases = (
				6A130A9B3EB4246B66D3EE4C /* [CP] Check Pods Manifest.lock */,
				1930420F1ECEE1E000EE9476 /* Sources */,
				193042141ECEE1E000EE9476 /* Frameworks */,
				193042151ECEE1E000EE9476 /* Resources */,
				D049F52376C7D054B14EDB5F /* [CP] Embed Pods Frameworks */,
				D37A1648B19131D98B23D9F6 /* [CP] Copy Pods Resources */,
			);
			buildRules = (
			);
			dependencies = (
			);
			name = DYTestProject_DEV;
			productName = DYTestProject;
			productReference = 1930421C1ECEE1E000EE9476 /* DYTestProject_DEV.app */;
			productType = "com.apple.product-type.application";
		};
		1930421E1ECEE28700EE9476 /* DYTestProject_UAT */ = {
			isa = PBXNativeTarget;
			buildConfigurationList = 193042291ECEE28700EE9476 /* Build configuration list for PBXNativeTarget "DYTestProject_UAT" */;
			buildPhases = (
				A9A4115E217E3F09F9C197C2 /* [CP] Check Pods Manifest.lock */,
				1930421F1ECEE28700EE9476 /* Sources */,
				193042241ECEE28700EE9476 /* Frameworks */,
				193042251ECEE28700EE9476 /* Resources */,
				D588A7D899E6B400E8F1F4FC /* [CP] Embed Pods Frameworks */,
				A92FB9DE308DB800507AB7C5 /* [CP] Copy Pods Resources */,
			);
			buildRules = (
			);
			dependencies = (
			);
			name = DYTestProject_UAT;
			productName = DYTestProject;
			productReference = 1930422C1ECEE28700EE9476 /* DYTestProject_UAT.app */;
			productType = "com.apple.product-type.application";
		};
/* End PBXNativeTarget section */

/* Begin PBXProject section */
		193041CD1ECEE1BB00EE9476 /* Project object */ = {
			isa = PBXProject;
			attributes = {
				LastUpgradeCheck = 0830;
				ORGANIZATIONNAME = ZeroDY;
				TargetAttributes = {
					193041D41ECEE1BB00EE9476 = {
						CreatedOnToolsVersion = 8.3.2;
						DevelopmentTeam = Y52E493QH5;
						ProvisioningStyle = Automatic;
					};
					193041F01ECEE1BB00EE9476 = {
						CreatedOnToolsVersion = 8.3.2;
						DevelopmentTeam = Y52E493QH5;
						ProvisioningStyle = Automatic;
						TestTargetID = 193041D41ECEE1BB00EE9476;
					};
					193041FB1ECEE1BB00EE9476 = {
						CreatedOnToolsVersion = 8.3.2;
						DevelopmentTeam = Y52E493QH5;
						ProvisioningStyle = Automatic;
						TestTargetID = 193041D41ECEE1BB00EE9476;
					};
					1930420E1ECEE1E000EE9476 = {
						DevelopmentTeam = Y52E493QH5;
					};
					1930421E1ECEE28700EE9476 = {
						DevelopmentTeam = Y52E493QH5;
					};
				};
			};
			buildConfigurationList = 193041D01ECEE1BB00EE9476 /* Build configuration list for PBXProject "DYTestProject" */;
			compatibilityVersion = "Xcode 3.2";
			developmentRegion = English;
			hasScannedForEncodings = 0;
			knownRegions = (
				en,
				Base,
			);
			mainGroup = 193041CC1ECEE1BB00EE9476;
			productRefGroup = 193041D61ECEE1BB00EE9476 /* Products */;
			projectDirPath = "";
			projectRoot = "";
			targets = (
				193041D41ECEE1BB00EE9476 /* DYTestProject */,
				1930420E1ECEE1E000EE9476 /* DYTestProject_DEV */,
				1930421E1ECEE28700EE9476 /* DYTestProject_UAT */,
				193041F01ECEE1BB00EE9476 /* DYTestProjectTests */,
				193041FB1ECEE1BB00EE9476 /* DYTestProjectUITests */,
			);
		};
/* End PBXProject section */

/* Begin PBXResourcesBuildPhase section */
		193041D31ECEE1BB00EE9476 /* Resources */ = {
			isa = PBXResourcesBuildPhase;
			buildActionMask = 2147483647;
			files = (
				193041EB1ECEE1BB00EE9476 /* LaunchScreen.storyboard in Resources */,
				193041E81ECEE1BB00EE9476 /* Assets.xcassets in Resources */,
				193042311ECEEFB500EE9476 /* DYTestProject_UAT.plist in Resources */,
				193041E31ECEE1BB00EE9476 /* Main.storyboard in Resources */,
				193042301ECEEFB500EE9476 /* DYTestProject_DEV.plist in Resources */,
			);
			runOnlyForDeploymentPostprocessing = 0;
		};
		193041EF1ECEE1BB00EE9476 /* Resources */ = {
			isa = PBXResourcesBuildPhase;
			buildActionMask = 2147483647;
			files = (
			);
			runOnlyForDeploymentPostprocessing = 0;
		};
		193041FA1ECEE1BB00EE9476 /* Resources */ = {
			isa = PBXResourcesBuildPhase;
			buildActionMask = 2147483647;
			files = (
			);
			runOnlyForDeploymentPostprocessing = 0;
		};
		193042151ECEE1E000EE9476 /* Resources */ = {
			isa = PBXResourcesBuildPhase;
			buildActionMask = 2147483647;
			files = (
				193042161ECEE1E000EE9476 /* LaunchScreen.storyboard in Resources */,
				193042171ECEE1E000EE9476 /* Assets.xcassets in Resources */,
				193042181ECEE1E000EE9476 /* Main.storyboard in Resources */,
			);
			runOnlyForDeploymentPostprocessing = 0;
		};
		193042251ECEE28700EE9476 /* Resources */ = {
			isa = PBXResourcesBuildPhase;
			buildActionMask = 2147483647;
			files = (
				193042261ECEE28700EE9476 /* LaunchScreen.storyboard in Resources */,
				193042271ECEE28700EE9476 /* Assets.xcassets in Resources */,
				193042281ECEE28700EE9476 /* Main.storyboard in Resources */,
			);
			runOnlyForDeploymentPostprocessing = 0;
		};
/* End PBXResourcesBuildPhase section */

/* Begin PBXShellScriptBuildPhase section */
		13F8454837EECD455ACA3327 /* [CP] Embed Pods Frameworks */ = {
			isa = PBXShellScriptBuildPhase;
			buildActionMask = 2147483647;
			files = (
			);
			inputPaths = (
			);
			name = "[CP] Embed Pods Frameworks";
			outputPaths = (
			);
			runOnlyForDeploymentPostprocessing = 0;
			shellPath = /bin/sh;
			shellScript = "\"${SRCROOT}/Pods/Target Support Files/Pods-DYTestProjectTests/Pods-DYTestProjectTests-frameworks.sh\"\n";
			showEnvVarsInLog = 0;
		};
		28A44293EA8869D8E9350625 /* [CP] Embed Pods Frameworks */ = {
			isa = PBXShellScriptBuildPhase;
			buildActionMask = 2147483647;
			files = (
			);
			inputPaths = (
			);
			name = "[CP] Embed Pods Frameworks";
			outputPaths = (
			);
			runOnlyForDeploymentPostprocessing = 0;
			shellPath = /bin/sh;
			shellScript = "\"${SRCROOT}/Pods/Target Support Files/Pods-DYTestProjectUITests/Pods-DYTestProjectUITests-frameworks.sh\"\n";
			showEnvVarsInLog = 0;
		};
		31B3A3D7BB3FE6982F8B94AA /* [CP] Check Pods Manifest.lock */ = {
			isa = PBXShellScriptBuildPhase;
			buildActionMask = 2147483647;
			files = (
			);
			inputPaths = (
			);
			name = "[CP] Check Pods Manifest.lock";
			outputPaths = (
			);
			runOnlyForDeploymentPostprocessing = 0;
			shellPath = /bin/sh;
			shellScript = "diff \"${PODS_PODFILE_DIR_PATH}/Podfile.lock\" \"${PODS_ROOT}/Manifest.lock\" > /dev/null\nif [ $? != 0 ] ; then\n    # print error to STDERR\n    echo \"error: The sandbox is not in sync with the Podfile.lock. Run 'pod install' or update your CocoaPods installation.\" >&2\n    exit 1\nfi\n";
			showEnvVarsInLog = 0;
		};
		4F42E63C5AEF4035291C4CC4 /* [CP] Check Pods Manifest.lock */ = {
			isa = PBXShellScriptBuildPhase;
			buildActionMask = 2147483647;
			files = (
			);
			inputPaths = (
			);
			name = "[CP] Check Pods Manifest.lock";
			outputPaths = (
			);
			runOnlyForDeploymentPostprocessing = 0;
			shellPath = /bin/sh;
			shellScript = "diff \"${PODS_PODFILE_DIR_PATH}/Podfile.lock\" \"${PODS_ROOT}/Manifest.lock\" > /dev/null\nif [ $? != 0 ] ; then\n    # print error to STDERR\n    echo \"error: The sandbox is not in sync with the Podfile.lock. Run 'pod install' or update your CocoaPods installation.\" >&2\n    exit 1\nfi\n";
			showEnvVarsInLog = 0;
		};
		6A130A9B3EB4246B66D3EE4C /* [CP] Check Pods Manifest.lock */ = {
			isa = PBXShellScriptBuildPhase;
			buildActionMask = 2147483647;
			files = (
			);
			inputPaths = (
			);
			name = "[CP] Check Pods Manifest.lock";
			outputPaths = (
			);
			runOnlyForDeploymentPostprocessing = 0;
			shellPath = /bin/sh;
			shellScript = "diff \"${PODS_PODFILE_DIR_PATH}/Podfile.lock\" \"${PODS_ROOT}/Manifest.lock\" > /dev/null\nif [ $? != 0 ] ; then\n    # print error to STDERR\n    echo \"error: The sandbox is not in sync with the Podfile.lock. Run 'pod install' or update your CocoaPods installation.\" >&2\n    exit 1\nfi\n";
			showEnvVarsInLog = 0;
		};
		9509193C89A52C2288072676 /* [CP] Embed Pods Frameworks */ = {
			isa = PBXShellScriptBuildPhase;
			buildActionMask = 2147483647;
			files = (
			);
			inputPaths = (
			);
			name = "[CP] Embed Pods Frameworks";
			outputPaths = (
			);
			runOnlyForDeploymentPostprocessing = 0;
			shellPath = /bin/sh;
			shellScript = "\"${SRCROOT}/Pods/Target Support Files/Pods-DYTestProject/Pods-DYTestProject-frameworks.sh\"\n";
			showEnvVarsInLog = 0;
		};
		A92FB9DE308DB800507AB7C5 /* [CP] Copy Pods Resources */ = {
			isa = PBXShellScriptBuildPhase;
			buildActionMask = 2147483647;
			files = (
			);
			inputPaths = (
			);
			name = "[CP] Copy Pods Resources";
			outputPaths = (
			);
			runOnlyForDeploymentPostprocessing = 0;
			shellPath = /bin/sh;
			shellScript = "\"${SRCROOT}/Pods/Target Support Files/Pods-DYTestProject_UAT/Pods-DYTestProject_UAT-resources.sh\"\n";
			showEnvVarsInLog = 0;
		};
		A9A4115E217E3F09F9C197C2 /* [CP] Check Pods Manifest.lock */ = {
			isa = PBXShellScriptBuildPhase;
			buildActionMask = 2147483647;
			files = (
			);
			inputPaths = (
			);
			name = "[CP] Check Pods Manifest.lock";
			outputPaths = (
			);
			runOnlyForDeploymentPostprocessing = 0;
			shellPath = /bin/sh;
			shellScript = "diff \"${PODS_PODFILE_DIR_PATH}/Podfile.lock\" \"${PODS_ROOT}/Manifest.lock\" > /dev/null\nif [ $? != 0 ] ; then\n    # print error to STDERR\n    echo \"error: The sandbox is not in sync with the Podfile.lock. Run 'pod install' or update your CocoaPods installation.\" >&2\n    exit 1\nfi\n";
			showEnvVarsInLog = 0;
		};
		CB299C85799F308F5C1F5953 /* [CP] Copy Pods Resources */ = {
			isa = PBXShellScriptBuildPhase;
			buildActionMask = 2147483647;
			files = (
			);
			inputPaths = (
			);
			name = "[CP] Copy Pods Resources";
			outputPaths = (
			);
			runOnlyForDeploymentPostprocessing = 0;
			shellPath = /bin/sh;
			shellScript = "\"${SRCROOT}/Pods/Target Support Files/Pods-DYTestProjectUITests/Pods-DYTestProjectUITests-resources.sh\"\n";
			showEnvVarsInLog = 0;
		};
		D049F52376C7D054B14EDB5F /* [CP] Embed Pods Frameworks */ = {
			isa = PBXShellScriptBuildPhase;
			buildActionMask = 2147483647;
			files = (
			);
			inputPaths = (
			);
			name = "[CP] Embed Pods Frameworks";
			outputPaths = (
			);
			runOnlyForDeploymentPostprocessing = 0;
			shellPath = /bin/sh;
			shellScript = "\"${SRCROOT}/Pods/Target Support Files/Pods-DYTestProject_DEV/Pods-DYTestProject_DEV-frameworks.sh\"\n";
			showEnvVarsInLog = 0;
		};
		D37A1648B19131D98B23D9F6 /* [CP] Copy Pods Resources */ = {
			isa = PBXShellScriptBuildPhase;
			buildActionMask = 2147483647;
			files = (
			);
			inputPaths = (
			);
			name = "[CP] Copy Pods Resources";
			outputPaths = (
			);
			runOnlyForDeploymentPostprocessing = 0;
			shellPath = /bin/sh;
			shellScript = "\"${SRCROOT}/Pods/Target Support Files/Pods-DYTestProject_DEV/Pods-DYTestProject_DEV-resources.sh\"\n";
			showEnvVarsInLog = 0;
		};
		D588A7D899E6B400E8F1F4FC /* [CP] Embed Pods Frameworks */ = {
			isa = PBXShellScriptBuildPhase;
			buildActionMask = 2147483647;
			files = (
			);
			inputPaths = (
			);
			name = "[CP] Embed Pods Frameworks";
			outputPaths = (
			);
			runOnlyForDeploymentPostprocessing = 0;
			shellPath = /bin/sh;
			shellScript = "\"${SRCROOT}/Pods/Target Support Files/Pods-DYTestProject_UAT/Pods-DYTestProject_UAT-frameworks.sh\"\n";
			showEnvVarsInLog = 0;
		};
		EEEE6E54CE67CA96BBB9F87B /* [CP] Copy Pods Resources */ = {
			isa = PBXShellScriptBuildPhase;
			buildActionMask = 2147483647;
			files = (
			);
			inputPaths = (
			);
			name = "[CP] Copy Pods Resources";
			outputPaths = (
			);
			runOnlyForDeploymentPostprocessing = 0;
			shellPath = /bin/sh;
			shellScript = "\"${SRCROOT}/Pods/Target Support Files/Pods-DYTestProject/Pods-DYTestProject-resources.sh\"\n";
			showEnvVarsInLog = 0;
		};
		F4558475B0843F2C3F8F0B17 /* [CP] Copy Pods Resources */ = {
			isa = PBXShellScriptBuildPhase;
			buildActionMask = 2147483647;
			files = (
			);
			inputPaths = (
			);
			name = "[CP] Copy Pods Resources";
			outputPaths = (
			);
			runOnlyForDeploymentPostprocessing = 0;
			shellPath = /bin/sh;
			shellScript = "\"${SRCROOT}/Pods/Target Support Files/Pods-DYTestProjectTests/Pods-DYTestProjectTests-resources.sh\"\n";
			showEnvVarsInLog = 0;
		};
		FC2E30984DE0C37705344E01 /* [CP] Check Pods Manifest.lock */ = {
			isa = PBXShellScriptBuildPhase;
			buildActionMask = 2147483647;
			files = (
			);
			inputPaths = (
			);
			name = "[CP] Check Pods Manifest.lock";
			outputPaths = (
			);
			runOnlyForDeploymentPostprocessing = 0;
			shellPath = /bin/sh;
			shellScript = "diff \"${PODS_PODFILE_DIR_PATH}/Podfile.lock\" \"${PODS_ROOT}/Manifest.lock\" > /dev/null\nif [ $? != 0 ] ; then\n    # print error to STDERR\n    echo \"error: The sandbox is not in sync with the Podfile.lock. Run 'pod install' or update your CocoaPods installation.\" >&2\n    exit 1\nfi\n";
			showEnvVarsInLog = 0;
		};
/* End PBXShellScriptBuildPhase section */

/* Begin PBXSourcesBuildPhase section */
		193041D11ECEE1BB00EE9476 /* Sources */ = {
			isa = PBXSourcesBuildPhase;
			buildActionMask = 2147483647;
			files = (
				19C3A1BB1ECEFCE1004464D4 /* UINavigationController+ZDYHook.m in Sources */,
				19C3A1B61ECEFCE1004464D4 /* UIApplication+ZDYHook.m in Sources */,
				19C3A1C01ECEFCE1004464D4 /* UIViewController+ZDYHook.m in Sources */,
				193041E01ECEE1BB00EE9476 /* ViewController.m in Sources */,
				193041DD1ECEE1BB00EE9476 /* AppDelegate.m in Sources */,
				193041E61ECEE1BB00EE9476 /* DYTestProject.xcdatamodeld in Sources */,
				193041DA1ECEE1BB00EE9476 /* main.m in Sources */,
				19C3A1B11ECEFCE1004464D4 /* SRRequestLogFM.m in Sources */,
				19C3A1AC1ECEFCE1004464D4 /* SRRequestLog.m in Sources */,
			);
			runOnlyForDeploymentPostprocessing = 0;
		};
		193041ED1ECEE1BB00EE9476 /* Sources */ = {
			isa = PBXSourcesBuildPhase;
			buildActionMask = 2147483647;
			files = (
				193041F61ECEE1BB00EE9476 /* DYTestProjectTests.m in Sources */,
				19C3A1BE1ECEFCE1004464D4 /* UINavigationController+ZDYHook.m in Sources */,
				19C3A1B41ECEFCE1004464D4 /* SRRequestLogFM.m in Sources */,
				19C3A1AF1ECEFCE1004464D4 /* SRRequestLog.m in Sources */,
				19C3A1B91ECEFCE1004464D4 /* UIApplication+ZDYHook.m in Sources */,
				19C3A1C31ECEFCE1004464D4 /* UIViewController+ZDYHook.m in Sources */,
			);
			runOnlyForDeploymentPostprocessing = 0;
		};
		193041F81ECEE1BB00EE9476 /* Sources */ = {
			isa = PBXSourcesBuildPhase;
			buildActionMask = 2147483647;
			files = (
				193042011ECEE1BB00EE9476 /* DYTestProjectUITests.m in Sources */,
				19C3A1BF1ECEFCE1004464D4 /* UINavigationController+ZDYHook.m in Sources */,
				19C3A1B51ECEFCE1004464D4 /* SRRequestLogFM.m in Sources */,
				19C3A1B01ECEFCE1004464D4 /* SRRequestLog.m in Sources */,
				19C3A1BA1ECEFCE1004464D4 /* UIApplication+ZDYHook.m in Sources */,
				19C3A1C41ECEFCE1004464D4 /* UIViewController+ZDYHook.m in Sources */,
			);
			runOnlyForDeploymentPostprocessing = 0;
		};
		1930420F1ECEE1E000EE9476 /* Sources */ = {
			isa = PBXSourcesBuildPhase;
			buildActionMask = 2147483647;
			files = (
				19C3A1BC1ECEFCE1004464D4 /* UINavigationController+ZDYHook.m in Sources */,
				19C3A1B71ECEFCE1004464D4 /* UIApplication+ZDYHook.m in Sources */,
				19C3A1C11ECEFCE1004464D4 /* UIViewController+ZDYHook.m in Sources */,
				193042101ECEE1E000EE9476 /* ViewController.m in Sources */,
				193042111ECEE1E000EE9476 /* AppDelegate.m in Sources */,
				193042121ECEE1E000EE9476 /* DYTestProject.xcdatamodeld in Sources */,
				193042131ECEE1E000EE9476 /* main.m in Sources */,
				19C3A1B21ECEFCE1004464D4 /* SRRequestLogFM.m in Sources */,
				19C3A1AD1ECEFCE1004464D4 /* SRRequestLog.m in Sources */,
			);
			runOnlyForDeploymentPostprocessing = 0;
		};
		1930421F1ECEE28700EE9476 /* Sources */ = {
			isa = PBXSourcesBuildPhase;
			buildActionMask = 2147483647;
			files = (
				19C3A1BD1ECEFCE1004464D4 /* UINavigationController+ZDYHook.m in Sources */,
				19C3A1B81ECEFCE1004464D4 /* UIApplication+ZDYHook.m in Sources */,
				19C3A1C21ECEFCE1004464D4 /* UIViewController+ZDYHook.m in Sources */,
				193042201ECEE28700EE9476 /* ViewController.m in Sources */,
				193042211ECEE28700EE9476 /* AppDelegate.m in Sources */,
				193042221ECEE28700EE9476 /* DYTestProject.xcdatamodeld in Sources */,
				193042231ECEE28700EE9476 /* main.m in Sources */,
				19C3A1B31ECEFCE1004464D4 /* SRRequestLogFM.m in Sources */,
				19C3A1AE1ECEFCE1004464D4 /* SRRequestLog.m in Sources */,
			);
			runOnlyForDeploymentPostprocessing = 0;
		};
/* End PBXSourcesBuildPhase section */

/* Begin PBXTargetDependency section */
		193041F31ECEE1BB00EE9476 /* PBXTargetDependency */ = {
			isa = PBXTargetDependency;
			target = 193041D41ECEE1BB00EE9476 /* DYTestProject */;
			targetProxy = 193041F21ECEE1BB00EE9476 /* PBXContainerItemProxy */;
		};
		193041FE1ECEE1BB00EE9476 /* PBXTargetDependency */ = {
			isa = PBXTargetDependency;
			target = 193041D41ECEE1BB00EE9476 /* DYTestProject */;
			targetProxy = 193041FD1ECEE1BB00EE9476 /* PBXContainerItemProxy */;
		};
/* End PBXTargetDependency section */

/* Begin PBXVariantGroup section */
		193041E11ECEE1BB00EE9476 /* Main.storyboard */ = {
			isa = PBXVariantGroup;
			children = (
				193041E21ECEE1BB00EE9476 /* Base */,
			);
			name = Main.storyboard;
			sourceTree = "<group>";
		};
		193041E91ECEE1BB00EE9476 /* LaunchScreen.storyboard */ = {
			isa = PBXVariantGroup;
			children = (
				193041EA1ECEE1BB00EE9476 /* Base */,
			);
			name = LaunchScreen.storyboard;
			sourceTree = "<group>";
		};
/* End PBXVariantGroup section */

/* Begin XCBuildConfiguration section */
		193042031ECEE1BB00EE9476 /* Debug */ = {
			isa = XCBuildConfiguration;
			buildSettings = {
				ALWAYS_SEARCH_USER_PATHS = NO;
				CLANG_ANALYZER_NONNULL = YES;
				CLANG_ANALYZER_NUMBER_OBJECT_CONVERSION = YES_AGGRESSIVE;
				CLANG_CXX_LANGUAGE_STANDARD = "gnu++0x";
				CLANG_CXX_LIBRARY = "libc++";
				CLANG_ENABLE_MODULES = YES;
				CLANG_ENABLE_OBJC_ARC = YES;
				CLANG_WARN_BOOL_CONVERSION = YES;
				CLANG_WARN_CONSTANT_CONVERSION = YES;
				CLANG_WARN_DIRECT_OBJC_ISA_USAGE = YES_ERROR;
				CLANG_WARN_DOCUMENTATION_COMMENTS = YES;
				CLANG_WARN_EMPTY_BODY = YES;
				CLANG_WARN_ENUM_CONVERSION = YES;
				CLANG_WARN_INFINITE_RECURSION = YES;
				CLANG_WARN_INT_CONVERSION = YES;
				CLANG_WARN_OBJC_ROOT_CLASS = YES_ERROR;
				CLANG_WARN_SUSPICIOUS_MOVE = YES;
				CLANG_WARN_UNREACHABLE_CODE = YES;
				CLANG_WARN__DUPLICATE_METHOD_MATCH = YES;
				"CODE_SIGN_IDENTITY[sdk=iphoneos*]" = "iPhone Developer";
				COPY_PHASE_STRIP = NO;
				DEBUG_INFORMATION_FORMAT = dwarf;
				ENABLE_STRICT_OBJC_MSGSEND = YES;
				ENABLE_TESTABILITY = YES;
				GCC_C_LANGUAGE_STANDARD = gnu99;
				GCC_DYNAMIC_NO_PIC = NO;
				GCC_NO_COMMON_BLOCKS = YES;
				GCC_OPTIMIZATION_LEVEL = 0;
				GCC_PREPROCESSOR_DEFINITIONS = (
					"DEBUG=1",
					"$(inherited)",
				);
				GCC_WARN_64_TO_32_BIT_CONVERSION = YES;
				GCC_WARN_ABOUT_RETURN_TYPE = YES_ERROR;
				GCC_WARN_UNDECLARED_SELECTOR = YES;
				GCC_WARN_UNINITIALIZED_AUTOS = YES_AGGRESSIVE;
				GCC_WARN_UNUSED_FUNCTION = YES;
				GCC_WARN_UNUSED_VARIABLE = YES;
				IPHONEOS_DEPLOYMENT_TARGET = 10.3;
				MTL_ENABLE_DEBUG_INFO = YES;
				ONLY_ACTIVE_ARCH = YES;
				SDKROOT = iphoneos;
			};
			name = Debug;
		};
		193042041ECEE1BB00EE9476 /* Release */ = {
			isa = XCBuildConfiguration;
			buildSettings = {
				ALWAYS_SEARCH_USER_PATHS = NO;
				CLANG_ANALYZER_NONNULL = YES;
				CLANG_ANALYZER_NUMBER_OBJECT_CONVERSION = YES_AGGRESSIVE;
				CLANG_CXX_LANGUAGE_STANDARD = "gnu++0x";
				CLANG_CXX_LIBRARY = "libc++";
				CLANG_ENABLE_MODULES = YES;
				CLANG_ENABLE_OBJC_ARC = YES;
				CLANG_WARN_BOOL_CONVERSION = YES;
				CLANG_WARN_CONSTANT_CONVERSION = YES;
				CLANG_WARN_DIRECT_OBJC_ISA_USAGE = YES_ERROR;
				CLANG_WARN_DOCUMENTATION_COMMENTS = YES;
				CLANG_WARN_EMPTY_BODY = YES;
				CLANG_WARN_ENUM_CONVERSION = YES;
				CLANG_WARN_INFINITE_RECURSION = YES;
				CLANG_WARN_INT_CONVERSION = YES;
				CLANG_WARN_OBJC_ROOT_CLASS = YES_ERROR;
				CLANG_WARN_SUSPICIOUS_MOVE = YES;
				CLANG_WARN_UNREACHABLE_CODE = YES;
				CLANG_WARN__DUPLICATE_METHOD_MATCH = YES;
				"CODE_SIGN_IDENTITY[sdk=iphoneos*]" = "iPhone Developer";
				COPY_PHASE_STRIP = NO;
				DEBUG_INFORMATION_FORMAT = "dwarf-with-dsym";
				ENABLE_NS_ASSERTIONS = NO;
				ENABLE_STRICT_OBJC_MSGSEND = YES;
				GCC_C_LANGUAGE_STANDARD = gnu99;
				GCC_NO_COMMON_BLOCKS = YES;
				GCC_WARN_64_TO_32_BIT_CONVERSION = YES;
				GCC_WARN_ABOUT_RETURN_TYPE = YES_ERROR;
				GCC_WARN_UNDECLARED_SELECTOR = YES;
				GCC_WARN_UNINITIALIZED_AUTOS = YES_AGGRESSIVE;
				GCC_WARN_UNUSED_FUNCTION = YES;
				GCC_WARN_UNUSED_VARIABLE = YES;
				IPHONEOS_DEPLOYMENT_TARGET = 10.3;
				MTL_ENABLE_DEBUG_INFO = NO;
				SDKROOT = iphoneos;
				VALIDATE_PRODUCT = YES;
			};
			name = Release;
		};
		193042061ECEE1BB00EE9476 /* Debug */ = {
			isa = XCBuildConfiguration;
			baseConfigurationReference = 813D0837996EF775B0ADF1DF /* Pods-DYTestProject.debug.xcconfig */;
			buildSettings = {
				ASSETCATALOG_COMPILER_APPICON_NAME = AppIcon;
				DEVELOPMENT_TEAM = Y52E493QH5;
				GCC_PREFIX_HEADER = "$(SRCROOT)/DYTestProject/PrefixHeader.pch";
				GCC_PREPROCESSOR_DEFINITIONS = (
					"$(inherited)",
					"APPSTORE=1",
				);
				INFOPLIST_FILE = DYTestProject/Info.plist;
				LD_RUNPATH_SEARCH_PATHS = "$(inherited) @executable_path/Frameworks";
				PRODUCT_BUNDLE_IDENTIFIER = com.zerody.DYTestProject;
				PRODUCT_NAME = "$(TARGET_NAME)";
			};
			name = Debug;
		};
		193042071ECEE1BB00EE9476 /* Release */ = {
			isa = XCBuildConfiguration;
			baseConfigurationReference = 7BDEACEB5877773CF4C6E77C /* Pods-DYTestProject.release.xcconfig */;
			buildSettings = {
				ASSETCATALOG_COMPILER_APPICON_NAME = AppIcon;
				DEVELOPMENT_TEAM = Y52E493QH5;
				GCC_PREFIX_HEADER = "$(SRCROOT)/DYTestProject/PrefixHeader.pch";
				GCC_PREPROCESSOR_DEFINITIONS = (
					"$(inherited)",
					"APPSTORE=1",
				);
				INFOPLIST_FILE = DYTestProject/Info.plist;
				LD_RUNPATH_SEARCH_PATHS = "$(inherited) @executable_path/Frameworks";
				PRODUCT_BUNDLE_IDENTIFIER = com.zerody.DYTestProject;
				PRODUCT_NAME = "$(TARGET_NAME)";
			};
			name = Release;
		};
		193042091ECEE1BB00EE9476 /* Debug */ = {
			isa = XCBuildConfiguration;
			baseConfigurationReference = 4F43DFE79579E49516CE71C5 /* Pods-DYTestProjectTests.debug.xcconfig */;
			buildSettings = {
				BUNDLE_LOADER = "$(TEST_HOST)";
				DEVELOPMENT_TEAM = Y52E493QH5;
				INFOPLIST_FILE = DYTestProjectTests/Info.plist;
				LD_RUNPATH_SEARCH_PATHS = "$(inherited) @executable_path/Frameworks @loader_path/Frameworks";
				PRODUCT_BUNDLE_IDENTIFIER = com.zerody.DYTestProjectTests;
				PRODUCT_NAME = "$(TARGET_NAME)";
				TEST_HOST = "$(BUILT_PRODUCTS_DIR)/DYTestProject.app/DYTestProject";
			};
			name = Debug;
		};
		1930420A1ECEE1BB00EE9476 /* Release */ = {
			isa = XCBuildConfiguration;
			baseConfigurationReference = 5088CC90ABEB37D4F2DB719D /* Pods-DYTestProjectTests.release.xcconfig */;
			buildSettings = {
				BUNDLE_LOADER = "$(TEST_HOST)";
				DEVELOPMENT_TEAM = Y52E493QH5;
				INFOPLIST_FILE = DYTestProjectTests/Info.plist;
				LD_RUNPATH_SEARCH_PATHS = "$(inherited) @executable_path/Frameworks @loader_path/Frameworks";
				PRODUCT_BUNDLE_IDENTIFIER = com.zerody.DYTestProjectTests;
				PRODUCT_NAME = "$(TARGET_NAME)";
				TEST_HOST = "$(BUILT_PRODUCTS_DIR)/DYTestProject.app/DYTestProject";
			};
			name = Release;
		};
		1930420C1ECEE1BB00EE9476 /* Debug */ = {
			isa = XCBuildConfiguration;
			baseConfigurationReference = 8FFDADB2A161E04E7C58AC6C /* Pods-DYTestProjectUITests.debug.xcconfig */;
			buildSettings = {
				DEVELOPMENT_TEAM = Y52E493QH5;
				INFOPLIST_FILE = DYTestProjectUITests/Info.plist;
				LD_RUNPATH_SEARCH_PATHS = "$(inherited) @executable_path/Frameworks @loader_path/Frameworks";
				PRODUCT_BUNDLE_IDENTIFIER = com.zerody.DYTestProjectUITests;
				PRODUCT_NAME = "$(TARGET_NAME)";
				TEST_TARGET_NAME = DYTestProject;
			};
			name = Debug;
		};
		1930420D1ECEE1BB00EE9476 /* Release */ = {
			isa = XCBuildConfiguration;
			baseConfigurationReference = 35897736E8F9691FA13E9F99 /* Pods-DYTestProjectUITests.release.xcconfig */;
			buildSettings = {
				DEVELOPMENT_TEAM = Y52E493QH5;
				INFOPLIST_FILE = DYTestProjectUITests/Info.plist;
				LD_RUNPATH_SEARCH_PATHS = "$(inherited) @executable_path/Frameworks @loader_path/Frameworks";
				PRODUCT_BUNDLE_IDENTIFIER = com.zerody.DYTestProjectUITests;
				PRODUCT_NAME = "$(TARGET_NAME)";
				TEST_TARGET_NAME = DYTestProject;
			};
			name = Release;
		};
		1930421A1ECEE1E000EE9476 /* Debug */ = {
			isa = XCBuildConfiguration;
			baseConfigurationReference = CAFE586A55AEE9CD393F56CF /* Pods-DYTestProject_DEV.debug.xcconfig */;
			buildSettings = {
				ASSETCATALOG_COMPILER_APPICON_NAME = AppIconDEV;
				DEVELOPMENT_TEAM = Y52E493QH5;
				GCC_PREFIX_HEADER = "$(SRCROOT)/DYTestProject/PrefixHeader.pch";
				GCC_PREPROCESSOR_DEFINITIONS = (
					"$(inherited)",
					"DEV=1",
				);
				INFOPLIST_FILE = "$(SRCROOT)/DYTestProject/DYTestProject_DEV.plist";
				LD_RUNPATH_SEARCH_PATHS = "$(inherited) @executable_path/Frameworks";
				PRODUCT_BUNDLE_IDENTIFIER = "com.zerody.DYTestProject-DEV";
				PRODUCT_NAME = "$(TARGET_NAME)";
			};
			name = Debug;
		};
		1930421B1ECEE1E000EE9476 /* Release */ = {
			isa = XCBuildConfiguration;
			baseConfigurationReference = D148FE098FF4B7A5BB76F1E3 /* Pods-DYTestProject_DEV.release.xcconfig */;
			buildSettings = {
				ASSETCATALOG_COMPILER_APPICON_NAME = AppIconDEV;
				DEVELOPMENT_TEAM = Y52E493QH5;
				GCC_PREFIX_HEADER = "$(SRCROOT)/DYTestProject/PrefixHeader.pch";
				GCC_PREPROCESSOR_DEFINITIONS = (
					"DEV=1",
					"$(inherited)",
				);
				INFOPLIST_FILE = "$(SRCROOT)/DYTestProject/DYTestProject_DEV.plist";
				LD_RUNPATH_SEARCH_PATHS = "$(inherited) @executable_path/Frameworks";
				PRODUCT_BUNDLE_IDENTIFIER = "com.zerody.DYTestProject-DEV";
				PRODUCT_NAME = "$(TARGET_NAME)";
			};
			name = Release;
		};
		1930422A1ECEE28700EE9476 /* Debug */ = {
			isa = XCBuildConfiguration;
			baseConfigurationReference = DC5BF4D412561058D201439B /* Pods-DYTestProject_UAT.debug.xcconfig */;
			buildSettings = {
				ASSETCATALOG_COMPILER_APPICON_NAME = AppIconUAT;
				DEVELOPMENT_TEAM = Y52E493QH5;
				GCC_PREFIX_HEADER = "$(SRCROOT)/DYTestProject/PrefixHeader.pch";
				GCC_PREPROCESSOR_DEFINITIONS = (
					"$(inherited)",
					"UAT=1",
				);
				INFOPLIST_FILE = "$(SRCROOT)/DYTestProject/DYTestProject_UAT.plist";
				LD_RUNPATH_SEARCH_PATHS = "$(inherited) @executable_path/Frameworks";
				PRODUCT_BUNDLE_IDENTIFIER = "com.zerody.DYTestProject-UAT";
				PRODUCT_NAME = "$(TARGET_NAME)";
			};
			name = Debug;
		};
		1930422B1ECEE28700EE9476 /* Release */ = {
			isa = XCBuildConfiguration;
			baseConfigurationReference = 04036FDFDFA59470C5E64E43 /* Pods-DYTestProject_UAT.release.xcconfig */;
			buildSettings = {
				ASSETCATALOG_COMPILER_APPICON_NAME = AppIconUAT;
				DEVELOPMENT_TEAM = Y52E493QH5;
				GCC_PREFIX_HEADER = "$(SRCROOT)/DYTestProject/PrefixHeader.pch";
				GCC_PREPROCESSOR_DEFINITIONS = (
					"UAT=1",
					"$(inherited)",
				);
				INFOPLIST_FILE = "$(SRCROOT)/DYTestProject/DYTestProject_UAT.plist";
				LD_RUNPATH_SEARCH_PATHS = "$(inherited) @executable_path/Frameworks";
				PRODUCT_BUNDLE_IDENTIFIER = "com.zerody.DYTestProject-UAT";
				PRODUCT_NAME = "$(TARGET_NAME)";
			};
			name = Release;
		};
/* End XCBuildConfiguration section */

/* Begin XCConfigurationList section */
		193041D01ECEE1BB00EE9476 /* Build configuration list for PBXProject "DYTestProject" */ = {
			isa = XCConfigurationList;
			buildConfigurations = (
				193042031ECEE1BB00EE9476 /* Debug */,
				193042041ECEE1BB00EE9476 /* Release */,
			);
			defaultConfigurationIsVisible = 0;
			defaultConfigurationName = Release;
		};
		193042051ECEE1BB00EE9476 /* Build configuration list for PBXNativeTarget "DYTestProject" */ = {
			isa = XCConfigurationList;
			buildConfigurations = (
				193042061ECEE1BB00EE9476 /* Debug */,
				193042071ECEE1BB00EE9476 /* Release */,
			);
			defaultConfigurationIsVisible = 0;
			defaultConfigurationName = Release;
		};
		193042081ECEE1BB00EE9476 /* Build configuration list for PBXNativeTarget "DYTestProjectTests" */ = {
			isa = XCConfigurationList;
			buildConfigurations = (
				193042091ECEE1BB00EE9476 /* Debug */,
				1930420A1ECEE1BB00EE9476 /* Release */,
			);
			defaultConfigurationIsVisible = 0;
			defaultConfigurationName = Release;
		};
		1930420B1ECEE1BB00EE9476 /* Build configuration list for PBXNativeTarget "DYTestProjectUITests" */ = {
			isa = XCConfigurationList;
			buildConfigurations = (
				1930420C1ECEE1BB00EE9476 /* Debug */,
				1930420D1ECEE1BB00EE9476 /* Release */,
			);
			defaultConfigurationIsVisible = 0;
			defaultConfigurationName = Release;
		};
		193042191ECEE1E000EE9476 /* Build configuration list for PBXNativeTarget "DYTestProject_DEV" */ = {
			isa = XCConfigurationList;
			buildConfigurations = (
				1930421A1ECEE1E000EE9476 /* Debug */,
				1930421B1ECEE1E000EE9476 /* Release */,
			);
			defaultConfigurationIsVisible = 0;
			defaultConfigurationName = Release;
		};
		193042291ECEE28700EE9476 /* Build configuration list for PBXNativeTarget "DYTestProject_UAT" */ = {
			isa = XCConfigurationList;
			buildConfigurations = (
				1930422A1ECEE28700EE9476 /* Debug */,
				1930422B1ECEE28700EE9476 /* Release */,
			);
			defaultConfigurationIsVisible = 0;
			defaultConfigurationName = Release;
		};
/* End XCConfigurationList section */

/* Begin XCVersionGroup section */
		193041E41ECEE1BB00EE9476 /* DYTestProject.xcdatamodeld */ = {
			isa = XCVersionGroup;
			children = (
				193041E51ECEE1BB00EE9476 /* DYTestProject.xcdatamodel */,
			);
			currentVersion = 193041E51ECEE1BB00EE9476 /* DYTestProject.xcdatamodel */;
			path = DYTestProject.xcdatamodeld;
			sourceTree = "<group>";
			versionGroupType = wrapper.xcdatamodel;
		};
/* End XCVersionGroup section */
	};
	rootObject = 193041CD1ECEE1BB00EE9476 /* Project object */;
}
